// !$*UTF8*$!
{
	archiveVersion = 1;
	classes = {
	};
	objectVersion = 50;
	objects = {

/* Begin PBXBuildFile section */
		BE182E7A24292A3E00AE0131 /* AppDelegate.swift in Sources */ = {isa = PBXBuildFile; fileRef = BE182E7924292A3E00AE0131 /* AppDelegate.swift */; };
		BE182E7C24292A3E00AE0131 /* art.scnassets in Resources */ = {isa = PBXBuildFile; fileRef = BE182E7B24292A3E00AE0131 /* art.scnassets */; };
		BE182E7E24292A3E00AE0131 /* ViewController.swift in Sources */ = {isa = PBXBuildFile; fileRef = BE182E7D24292A3E00AE0131 /* ViewController.swift */; };
		BE182E8124292A3F00AE0131 /* Main.storyboard in Resources */ = {isa = PBXBuildFile; fileRef = BE182E7F24292A3F00AE0131 /* Main.storyboard */; };
		BE182E8324292A4700AE0131 /* Assets.xcassets in Resources */ = {isa = PBXBuildFile; fileRef = BE182E8224292A4700AE0131 /* Assets.xcassets */; };
		BE182E8624292A4700AE0131 /* LaunchScreen.storyboard in Resources */ = {isa = PBXBuildFile; fileRef = BE182E8424292A4700AE0131 /* LaunchScreen.storyboard */; };
/* End PBXBuildFile section */

/* Begin PBXFileReference section */
		BE182E7624292A3E00AE0131 /* EyesInvaders.app */ = {isa = PBXFileReference; explicitFileType = wrapper.application; includeInIndex = 0; path = EyesInvaders.app; sourceTree = BUILT_PRODUCTS_DIR; };
		BE182E7924292A3E00AE0131 /* AppDelegate.swift */ = {isa = PBXFileReference; lastKnownFileType = sourcecode.swift; path = AppDelegate.swift; sourceTree = "<group>"; };
		BE182E7B24292A3E00AE0131 /* art.scnassets */ = {isa = PBXFileReference; lastKnownFileType = wrapper.scnassets; path = art.scnassets; sourceTree = "<group>"; };
		BE182E7D24292A3E00AE0131 /* ViewController.swift */ = {isa = PBXFileReference; lastKnownFileType = sourcecode.swift; path = ViewController.swift; sourceTree = "<group>"; };
		BE182E8024292A3F00AE0131 /* Base */ = {isa = PBXFileReference; lastKnownFileType = file.storyboard; name = Base; path = Base.lproj/Main.storyboard; sourceTree = "<group>"; };
		BE182E8224292A4700AE0131 /* Assets.xcassets */ = {isa = PBXFileReference; lastKnownFileType = folder.assetcatalog; path = Assets.xcassets; sourceTree = "<group>"; };
		BE182E8524292A4700AE0131 /* Base */ = {isa = PBXFileReference; lastKnownFileType = file.storyboard; name = Base; path = Base.lproj/LaunchScreen.storyboard; sourceTree = "<group>"; };
		BE182E8724292A4700AE0131 /* Info.plist */ = {isa = PBXFileReference; lastKnownFileType = text.plist.xml; path = Info.plist; sourceTree = "<group>"; };
/* End PBXFileReference section */

/* Begin PBXFrameworksBuildPhase section */
		BE182E7324292A3E00AE0131 /* Frameworks */ = {
			isa = PBXFrameworksBuildPhase;
			buildActionMask = 2147483647;
			files = (
			);
			runOnlyForDeploymentPostprocessing = 0;
		};
/* End PBXFrameworksBuildPhase section */

/* Begin PBXGroup section */
		BE182E6D24292A3E00AE0131 = {
			isa = PBXGroup;
			children = (
				BE182E7824292A3E00AE0131 /* EyesInvaders */,
				BE182E7724292A3E00AE0131 /* Products */,
			);
			sourceTree = "<group>";
		};
		BE182E7724292A3E00AE0131 /* Products */ = {
			isa = PBXGroup;
			children = (
				BE182E7624292A3E00AE0131 /* EyesInvaders.app */,
			);
			name = Products;
			sourceTree = "<group>";
		};
		BE182E7824292A3E00AE0131 /* EyesInvaders */ = {
			isa = PBXGroup;
			children = (
				BE182E7924292A3E00AE0131 /* AppDelegate.swift */,
				BE182E7B24292A3E00AE0131 /* art.scnassets */,
				BE182E7D24292A3E00AE0131 /* ViewController.swift */,
				BE182E7F24292A3F00AE0131 /* Main.storyboard */,
				BE182E8224292A4700AE0131 /* Assets.xcassets */,
				BE182E8424292A4700AE0131 /* LaunchScreen.storyboard */,
				BE182E8724292A4700AE0131 /* Info.plist */,
			);
			path = EyesInvaders;
			sourceTree = "<group>";
		};
/* End PBXGroup section */

/* Begin PBXNativeTarget section */
		BE182E7524292A3E00AE0131 /* EyesInvaders */ = {
			isa = PBXNativeTarget;
			buildConfigurationList = BE182E8A24292A4700AE0131 /* Build configuration list for PBXNativeTarget "EyesInvaders" */;
			buildPhases = (
				BE182E7224292A3E00AE0131 /* Sources */,
				BE182E7324292A3E00AE0131 /* Frameworks */,
				BE182E7424292A3E00AE0131 /* Resources */,
			);
			buildRules = (
			);
			dependencies = (
			);
			name = EyesInvaders;
			productName = EyesInvaders;
			productReference = BE182E7624292A3E00AE0131 /* EyesInvaders.app */;
			productType = "com.apple.product-type.application";
		};
/* End PBXNativeTarget section */

/* Begin PBXProject section */
		BE182E6E24292A3E00AE0131 /* Project object */ = {
			isa = PBXProject;
			attributes = {
				LastSwiftUpdateCheck = 1030;
				LastUpgradeCheck = 1030;
				ORGANIZATIONNAME = "Valentin Sanchez";
				TargetAttributes = {
					BE182E7524292A3E00AE0131 = {
						CreatedOnToolsVersion = 10.3;
					};
				};
			};
			buildConfigurationList = BE182E7124292A3E00AE0131 /* Build configuration list for PBXProject "EyesInvaders" */;
			compatibilityVersion = "Xcode 9.3";
			developmentRegion = en;
			hasScannedForEncodings = 0;
			knownRegions = (
				en,
				Base,
			);
			mainGroup = BE182E6D24292A3E00AE0131;
			productRefGroup = BE182E7724292A3E00AE0131 /* Products */;
			projectDirPath = "";
			projectRoot = "";
			targets = (
				BE182E7524292A3E00AE0131 /* EyesInvaders */,
			);
		};
/* End PBXProject section */

/* Begin PBXResourcesBuildPhase section */
		BE182E7424292A3E00AE0131 /* Resources */ = {
			isa = PBXResourcesBuildPhase;
			buildActionMask = 2147483647;
			files = (
				BE182E7C24292A3E00AE0131 /* art.scnassets in Resources */,
				BE182E8624292A4700AE0131 /* LaunchScreen.storyboard in Resources */,
				BE182E8324292A4700AE0131 /* Assets.xcassets in Resources */,
				BE182E8124292A3F00AE0131 /* Main.storyboard in Resources */,
			);
			runOnlyForDeploymentPostprocessing = 0;
		};
/* End PBXResourcesBuildPhase section */

/* Begin PBXSourcesBuildPhase section */
		BE182E7224292A3E00AE0131 /* Sources */ = {
			isa = PBXSourcesBuildPhase;
			buildActionMask = 2147483647;
			files = (
				BE182E7E24292A3E00AE0131 /* ViewController.swift in Sources */,
				BE182E7A24292A3E00AE0131 /* AppDelegate.swift in Sources */,
			);
			runOnlyForDeploymentPostprocessing = 0;
		};
/* End PBXSourcesBuildPhase section */

/* Begin PBXVariantGroup section */
		BE182E7F24292A3F00AE0131 /* Main.storyboard */ = {
			isa = PBXVariantGroup;
			children = (
				BE182E8024292A3F00AE0131 /* Base */,
			);
			name = Main.storyboard;
			sourceTree = "<group>";
		};
		BE182E8424292A4700AE0131 /* LaunchScreen.storyboard */ = {
			isa = PBXVariantGroup;
			children = (
				BE182E8524292A4700AE0131 /* Base */,
			);
			name = LaunchScreen.storyboard;
			sourceTree = "<group>";
		};
/* End PBXVariantGroup section */

/* Begin XCBuildConfiguration section */
		BE182E8824292A4700AE0131 /* Debug */ = {
			isa = XCBuildConfiguration;
			buildSettings = {
				ALWAYS_SEARCH_USER_PATHS = NO;
				CLANG_ANALYZER_NONNULL = YES;
				CLANG_ANALYZER_NUMBER_OBJECT_CONVERSION = YES_AGGRESSIVE;
				CLANG_CXX_LANGUAGE_STANDARD = "gnu++14";
				CLANG_CXX_LIBRARY = "libc++";
				CLANG_ENABLE_MODULES = YES;
				CLANG_ENABLE_OBJC_ARC = YES;
				CLANG_ENABLE_OBJC_WEAK = YES;
				CLANG_WARN_BLOCK_CAPTURE_AUTORELEASING = YES;
				CLANG_WARN_BOOL_CONVERSION = YES;
				CLANG_WARN_COMMA = YES;
				CLANG_WARN_CONSTANT_CONVERSION = YES;
				CLANG_WARN_DEPRECATED_OBJC_IMPLEMENTATIONS = YES;
				CLANG_WARN_DIRECT_OBJC_ISA_USAGE = YES_ERROR;
				CLANG_WARN_DOCUMENTATION_COMMENTS = YES;
				CLANG_WARN_EMPTY_BODY = YES;
				CLANG_WARN_ENUM_CONVERSION = YES;
				CLANG_WARN_INFINITE_RECURSION = YES;
				CLANG_WARN_INT_CONVERSION = YES;
				CLANG_WARN_NON_LITERAL_NULL_CONVERSION = YES;
				CLANG_WARN_OBJC_IMPLICIT_RETAIN_SELF = YES;
				CLANG_WARN_OBJC_LITERAL_CONVERSION = YES;
				CLANG_WARN_OBJC_ROOT_CLASS = YES_ERROR;
				CLANG_WARN_RANGE_LOOP_ANALYSIS = YES;
				CLANG_WARN_STRICT_PROTOTYPES = YES;
				CLANG_WARN_SUSPICIOUS_MOVE = YES;
				CLANG_WARN_UNGUARDED_AVAILABILITY = YES_AGGRESSIVE;
				CLANG_WARN_UNREACHABLE_CODE = YES;
				CLANG_WARN__DUPLICATE_METHOD_MATCH = YES;
				CODE_SIGN_IDENTITY = "iPhone Developer";
				COPY_PHASE_STRIP = NO;
				DEBUG_INFORMATION_FORMAT = dwarf;
				ENABLE_STRICT_OBJC_MSGSEND = YES;
				ENABLE_TESTABILITY = YES;
				GCC_C_LANGUAGE_STANDARD = gnu11;
				GCC_DYNAMIC_NO_PIC = NO;
				GCC_NO_COMMON_BLOCKS = YES;
				GCC_OPTIMIZATION_LEVEL = 0;
				GCC_PREPROCESSOR_DEFINITIONS = (
					"DEBUG=1",
					"$(inherited)",
				);
				GCC_WARN_64_TO_32_BIT_CONVERSION = YES;
				GCC_WARN_ABOUT_RETURN_TYPE = YES_ERROR;
				GCC_WARN_UNDECLARED_SELECTOR = YES;
				GCC_WARN_UNINITIALIZED_AUTOS = YES_AGGRESSIVE;
				GCC_WARN_UNUSED_FUNCTION = YES;
				GCC_WARN_UNUSED_VARIABLE = YES;
				IPHONEOS_DEPLOYMENT_TARGET = 12.4;
				MTL_ENABLE_DEBUG_INFO = INCLUDE_SOURCE;
				MTL_FAST_MATH = YES;
				ONLY_ACTIVE_ARCH = YES;
				SDKROOT = iphoneos;
				SWIFT_ACTIVE_COMPILATION_CONDITIONS = DEBUG;
				SWIFT_OPTIMIZATION_LEVEL = "-Onone";
			};
			name = Debug;
		};
		BE182E8924292A4700AE0131 /* Release */ = {
			isa = XCBuildConfiguration;
			buildSettings = {
				ALWAYS_SEARCH_USER_PATHS = NO;
				CLANG_ANALYZER_NONNULL = YES;
				CLANG_ANALYZER_NUMBER_OBJECT_CONVERSION = YES_AGGRESSIVE;
				CLANG_CXX_LANGUAGE_STANDARD = "gnu++14";
				CLANG_CXX_LIBRARY = "libc++";
				CLANG_ENABLE_MODULES = YES;
				CLANG_ENABLE_OBJC_ARC = YES;
				CLANG_ENABLE_OBJC_WEAK = YES;
				CLANG_WARN_BLOCK_CAPTURE_AUTORELEASING = YES;
				CLANG_WARN_BOOL_CONVERSION = YES;
				CLANG_WARN_COMMA = YES;
				CLANG_WARN_CONSTANT_CONVERSION = YES;
				CLANG_WARN_DEPRECATED_OBJC_IMPLEMENTATIONS = YES;
				CLANG_WARN_DIRECT_OBJC_ISA_USAGE = YES_ERROR;
				CLANG_WARN_DOCUMENTATION_COMMENTS = YES;
				CLANG_WARN_EMPTY_BODY = YES;
				CLANG_WARN_ENUM_CONVERSION = YES;
				CLANG_WARN_INFINITE_RECURSION = YES;
				CLANG_WARN_INT_CONVERSION = YES;
				CLANG_WARN_NON_LITERAL_NULL_CONVERSION = YES;
				CLANG_WARN_OBJC_IMPLICIT_RETAIN_SELF = YES;
				CLANG_WARN_OBJC_LITERAL_CONVERSION = YES;
				CLANG_WARN_OBJC_ROOT_CLASS = YES_ERROR;
				CLANG_WARN_RANGE_LOOP_ANALYSIS = YES;
				CLANG_WARN_STRICT_PROTOTYPES = YES;
				CLANG_WARN_SUSPICIOUS_MOVE = YES;
				CLANG_WARN_UNGUARDED_AVAILABILITY = YES_AGGRESSIVE;
				CLANG_WARN_UNREACHABLE_CODE = YES;
				CLANG_WARN__DUPLICATE_METHOD_MATCH = YES;
				CODE_SIGN_IDENTITY = "iPhone Developer";
				COPY_PHASE_STRIP = NO;
				DEBUG_INFORMATION_FORMAT = "dwarf-with-dsym";
				ENABLE_NS_ASSERTIONS = NO;
				ENABLE_STRICT_OBJC_MSGSEND = YES;
				GCC_C_LANGUAGE_STANDARD = gnu11;
				GCC_NO_COMMON_BLOCKS = YES;
				GCC_WARN_64_TO_32_BIT_CONVERSION = YES;
				GCC_WARN_ABOUT_RETURN_TYPE = YES_ERROR;
				GCC_WARN_UNDECLARED_SELECTOR = YES;
				GCC_WARN_UNINITIALIZED_AUTOS = YES_AGGRESSIVE;
				GCC_WARN_UNUSED_FUNCTION = YES;
				GCC_WARN_UNUSED_VARIABLE = YES;
				IPHONEOS_DEPLOYMENT_TARGET = 12.4;
				MTL_ENABLE_DEBUG_INFO = NO;
				MTL_FAST_MATH = YES;
				SDKROOT = iphoneos;
				SWIFT_COMPILATION_MODE = wholemodule;
				SWIFT_OPTIMIZATION_LEVEL = "-O";
				VALIDATE_PRODUCT = YES;
			};
			name = Release;
		};
		BE182E8B24292A4700AE0131 /* Debug */ = {
			isa = XCBuildConfiguration;
			buildSettings = {
				ASSETCATALOG_COMPILER_APPICON_NAME = AppIcon;
				CODE_SIGN_STYLE = Automatic;
				DEVELOPMENT_TEAM = 86493DU2P3;
				INFOPLIST_FILE = EyesInvaders/Info.plist;
				IPHONEOS_DEPLOYMENT_TARGET = 12.2;
				LD_RUNPATH_SEARCH_PATHS = (
					"$(inherited)",
					"@executable_path/Frameworks",
				);
				PRODUCT_BUNDLE_IDENTIFIER = none.EyesInvaders;
				PRODUCT_NAME = "$(TARGET_NAME)";
				SWIFT_VERSION = 5.0;
				TARGETED_DEVICE_FAMILY = "1,2";
			};
			name = Debug;
		};
		BE182E8C24292A4700AE0131 /* Release */ = {
			isa = XCBuildConfiguration;
			buildSettings = {
				ASSETCATALOG_COMPILER_APPICON_NAME = AppIcon;
				CODE_SIGN_STYLE = Automatic;
				DEVELOPMENT_TEAM = 86493DU2P3;
				INFOPLIST_FILE = EyesInvaders/Info.plist;
				IPHONEOS_DEPLOYMENT_TARGET = 12.2;
				LD_RUNPATH_SEARCH_PATHS = (
					"$(inherited)",
					"@executable_path/Frameworks",
				);
				PRODUCT_BUNDLE_IDENTIFIER = none.EyesInvaders;
				PRODUCT_NAME = "$(TARGET_NAME)";
				SWIFT_VERSION = 5.0;
				TARGETED_DEVICE_FAMILY = "1,2";
			};
			name = Release;
		};
/* End XCBuildConfiguration section */

/* Begin XCConfigurationList section */
		BE182E7124292A3E00AE0131 /* Build configuration list for PBXProject "EyesInvaders" */ = {
			isa = XCConfigurationList;
			buildConfigurations = (
				BE182E8824292A4700AE0131 /* Debug */,
				BE182E8924292A4700AE0131 /* Release */,
			);
			defaultConfigurationIsVisible = 0;
			defaultConfigurationName = Release;
		};
		BE182E8A24292A4700AE0131 /* Build configuration list for PBXNativeTarget "EyesInvaders" */ = {
			isa = XCConfigurationList;
			buildConfigurations = (
				BE182E8B24292A4700AE0131 /* Debug */,
				BE182E8C24292A4700AE0131 /* Release */,
			);
			defaultConfigurationIsVisible = 0;
			defaultConfigurationName = Release;
		};
/* End XCConfigurationList section */
	};
	rootObject = BE182E6E24292A3E00AE0131 /* Project object */;
}
